
Microsoft Visual Studio Solution File, Format Version 12.00
# Visual Studio Version 16
VisualStudioVersion = 16.0.30114.105
MinimumVisualStudioVersion = 10.0.40219.1
Project("{FAE04EC0-301F-11D3-BF4B-00C04F79EFBC}") = "TVB Result Exporter", "TVB Result Exporter\TVB Result Exporter.csproj", "{687033A3-E962-4BDC-9804-C0AB5A33FFBF}"
EndProject
Global
	GlobalSection(SolutionConfigurationPlatforms) = preSolution
		Debug|Any CPU = Debug|Any CPU
		Release|Any CPU = Release|Any CPU
	EndGlobalSection
	GlobalSection(ProjectConfigurationPlatforms) = postSolution
		{687033A3-E962-4BDC-9804-C0AB5A33FFBF}.Debug|Any CPU.ActiveCfg = Debug|Any CPU
		{687033A3-E962-4BDC-9804-C0AB5A33FFBF}.Debug|Any CPU.Build.0 = Debug|Any CPU
		{687033A3-E962-4BDC-9804-C0AB5A33FFBF}.Release|Any CPU.ActiveCfg = Release|Any CPU
		{687033A3-E962-4BDC-9804-C0AB5A33FFBF}.Release|Any CPU.Build.0 = Release|Any CPU
	EndGlobalSection
	GlobalSection(SolutionProperties) = preSolution
		HideSolutionNode = FALSE
	EndGlobalSection
	GlobalSection(ExtensibilityGlobals) = postSolution
		SolutionGuid = {F10656B5-1965-4A0A-9384-64D096C1E34D}
	EndGlobalSection
EndGlobal
